// !$*UTF8*$!
{
	archiveVersion = 1;
	classes = {
	};
	objectVersion = 50;
	objects = {

/* Begin PBXBuildFile section */
		20ACBDB52106EEB2002D7386 /* AppDelegate.swift in Sources */ = {isa = PBXBuildFile; fileRef = 20ACBDB42106EEB2002D7386 /* AppDelegate.swift */; };
		20ACBDB72106EEB2002D7386 /* ViewController.swift in Sources */ = {isa = PBXBuildFile; fileRef = 20ACBDB62106EEB2002D7386 /* ViewController.swift */; };
		20ACBDBA2106EEB2002D7386 /* Main.storyboard in Resources */ = {isa = PBXBuildFile; fileRef = 20ACBDB82106EEB2002D7386 /* Main.storyboard */; };
		20ACBDBD2106EEB2002D7386 /* product_hunt.xcdatamodeld in Sources */ = {isa = PBXBuildFile; fileRef = 20ACBDBB2106EEB2002D7386 /* product_hunt.xcdatamodeld */; };
		20ACBDBF2106EEB3002D7386 /* Assets.xcassets in Resources */ = {isa = PBXBuildFile; fileRef = 20ACBDBE2106EEB3002D7386 /* Assets.xcassets */; };
		20ACBDC22106EEB3002D7386 /* LaunchScreen.storyboard in Resources */ = {isa = PBXBuildFile; fileRef = 20ACBDC02106EEB3002D7386 /* LaunchScreen.storyboard */; };
/* End PBXBuildFile section */

/* Begin PBXFileReference section */
		20ACBDB12106EEB1002D7386 /* product-hunt.app */ = {isa = PBXFileReference; explicitFileType = wrapper.application; includeInIndex = 0; path = "product-hunt.app"; sourceTree = BUILT_PRODUCTS_DIR; };
		20ACBDB42106EEB2002D7386 /* AppDelegate.swift */ = {isa = PBXFileReference; lastKnownFileType = sourcecode.swift; path = AppDelegate.swift; sourceTree = "<group>"; };
		20ACBDB62106EEB2002D7386 /* ViewController.swift */ = {isa = PBXFileReference; lastKnownFileType = sourcecode.swift; path = ViewController.swift; sourceTree = "<group>"; };
		20ACBDB92106EEB2002D7386 /* Base */ = {isa = PBXFileReference; lastKnownFileType = file.storyboard; name = Base; path = Base.lproj/Main.storyboard; sourceTree = "<group>"; };
		20ACBDBC2106EEB2002D7386 /* product_hunt.xcdatamodel */ = {isa = PBXFileReference; lastKnownFileType = wrapper.xcdatamodel; path = product_hunt.xcdatamodel; sourceTree = "<group>"; };
		20ACBDBE2106EEB3002D7386 /* Assets.xcassets */ = {isa = PBXFileReference; lastKnownFileType = folder.assetcatalog; path = Assets.xcassets; sourceTree = "<group>"; };
		20ACBDC12106EEB3002D7386 /* Base */ = {isa = PBXFileReference; lastKnownFileType = file.storyboard; name = Base; path = Base.lproj/LaunchScreen.storyboard; sourceTree = "<group>"; };
		20ACBDC32106EEB3002D7386 /* Info.plist */ = {isa = PBXFileReference; lastKnownFileType = text.plist.xml; path = Info.plist; sourceTree = "<group>"; };
/* End PBXFileReference section */

/* Begin PBXFrameworksBuildPhase section */
		20ACBDAE2106EEB1002D7386 /* Frameworks */ = {
			isa = PBXFrameworksBuildPhase;
			buildActionMask = 2147483647;
			files = (
			);
			runOnlyForDeploymentPostprocessing = 0;
		};
/* End PBXFrameworksBuildPhase section */

/* Begin PBXGroup section */
		20ACBDA82106EEB1002D7386 = {
			isa = PBXGroup;
			children = (
				20ACBDB32106EEB1002D7386 /* product-hunt */,
				20ACBDB22106EEB1002D7386 /* Products */,
			);
			sourceTree = "<group>";
		};
		20ACBDB22106EEB1002D7386 /* Products */ = {
			isa = PBXGroup;
			children = (
				20ACBDB12106EEB1002D7386 /* product-hunt.app */,
			);
			name = Products;
			sourceTree = "<group>";
		};
		20ACBDB32106EEB1002D7386 /* product-hunt */ = {
			isa = PBXGroup;
			children = (
				20ACBDB42106EEB2002D7386 /* AppDelegate.swift */,
				20ACBDB62106EEB2002D7386 /* ViewController.swift */,
				20ACBDB82106EEB2002D7386 /* Main.storyboard */,
				20ACBDBE2106EEB3002D7386 /* Assets.xcassets */,
				20ACBDC02106EEB3002D7386 /* LaunchScreen.storyboard */,
				20ACBDC32106EEB3002D7386 /* Info.plist */,
				20ACBDBB2106EEB2002D7386 /* product_hunt.xcdatamodeld */,
			);
			path = "product-hunt";
			sourceTree = "<group>";
		};
/* End PBXGroup section */

/* Begin PBXNativeTarget section */
		20ACBDB02106EEB1002D7386 /* product-hunt */ = {
			isa = PBXNativeTarget;
			buildConfigurationList = 20ACBDC62106EEB3002D7386 /* Build configuration list for PBXNativeTarget "product-hunt" */;
			buildPhases = (
				20ACBDAD2106EEB1002D7386 /* Sources */,
				20ACBDAE2106EEB1002D7386 /* Frameworks */,
				20ACBDAF2106EEB1002D7386 /* Resources */,
			);
			buildRules = (
			);
			dependencies = (
			);
			name = "product-hunt";
			productName = "product-hunt";
			productReference = 20ACBDB12106EEB1002D7386 /* product-hunt.app */;
			productType = "com.apple.product-type.application";
		};
/* End PBXNativeTarget section */

/* Begin PBXProject section */
		20ACBDA92106EEB1002D7386 /* Project object */ = {
			isa = PBXProject;
			attributes = {
				LastSwiftUpdateCheck = 0940;
				LastUpgradeCheck = 0940;
				ORGANIZATIONNAME = "Yves Songolo";
				TargetAttributes = {
					20ACBDB02106EEB1002D7386 = {
						CreatedOnToolsVersion = 9.4.1;
					};
				};
			};
			buildConfigurationList = 20ACBDAC2106EEB1002D7386 /* Build configuration list for PBXProject "product-hunt" */;
			compatibilityVersion = "Xcode 9.3";
			developmentRegion = en;
			hasScannedForEncodings = 0;
			knownRegions = (
				en,
				Base,
			);
			mainGroup = 20ACBDA82106EEB1002D7386;
			productRefGroup = 20ACBDB22106EEB1002D7386 /* Products */;
			projectDirPath = "";
			projectRoot = "";
			targets = (
				20ACBDB02106EEB1002D7386 /* product-hunt */,
			);
		};
/* End PBXProject section */

/* Begin PBXResourcesBuildPhase section */
		20ACBDAF2106EEB1002D7386 /* Resources */ = {
			isa = PBXResourcesBuildPhase;
			buildActionMask = 2147483647;
			files = (
				20ACBDC22106EEB3002D7386 /* LaunchScreen.storyboard in Resources */,
				20ACBDBF2106EEB3002D7386 /* Assets.xcassets in Resources */,
				20ACBDBA2106EEB2002D7386 /* Main.storyboard in Resources */,
			);
			runOnlyForDeploymentPostprocessing = 0;
		};
/* End PBXResourcesBuildPhase section */

/* Begin PBXSourcesBuildPhase section */
		20ACBDAD2106EEB1002D7386 /* Sources */ = {
			isa = PBXSourcesBuildPhase;
			buildActionMask = 2147483647;
			files = (
				20ACBDB72106EEB2002D7386 /* ViewController.swift in Sources */,
				20ACBDB52106EEB2002D7386 /* AppDelegate.swift in Sources */,
				20ACBDBD2106EEB2002D7386 /* product_hunt.xcdatamodeld in Sources */,
			);
			runOnlyForDeploymentPostprocessing = 0;
		};
/* End PBXSourcesBuildPhase section */

/* Begin PBXVariantGroup section */
		20ACBDB82106EEB2002D7386 /* Main.storyboard */ = {
			isa = PBXVariantGroup;
			children = (
				20ACBDB92106EEB2002D7386 /* Base */,
			);
			name = Main.storyboard;
			sourceTree = "<group>";
		};
		20ACBDC02106EEB3002D7386 /* LaunchScreen.storyboard */ = {
			isa = PBXVariantGroup;
			children = (
				20ACBDC12106EEB3002D7386 /* Base */,
			);
			name = LaunchScreen.storyboard;
			sourceTree = "<group>";
		};
/* End PBXVariantGroup section */

/* Begin XCBuildConfiguration section */
		20ACBDC42106EEB3002D7386 /* Debug */ = {
			isa = XCBuildConfiguration;
			buildSettings = {
				ALWAYS_SEARCH_USER_PATHS = NO;
				CLANG_ANALYZER_NONNULL = YES;
				CLANG_ANALYZER_NUMBER_OBJECT_CONVERSION = YES_AGGRESSIVE;
				CLANG_CXX_LANGUAGE_STANDARD = "gnu++14";
				CLANG_CXX_LIBRARY = "libc++";
				CLANG_ENABLE_MODULES = YES;
				CLANG_ENABLE_OBJC_ARC = YES;
				CLANG_ENABLE_OBJC_WEAK = YES;
				CLANG_WARN_BLOCK_CAPTURE_AUTORELEASING = YES;
				CLANG_WARN_BOOL_CONVERSION = YES;
				CLANG_WARN_COMMA = YES;
				CLANG_WARN_CONSTANT_CONVERSION = YES;
				CLANG_WARN_DEPRECATED_OBJC_IMPLEMENTATIONS = YES;
				CLANG_WARN_DIRECT_OBJC_ISA_USAGE = YES_ERROR;
				CLANG_WARN_DOCUMENTATION_COMMENTS = YES;
				CLANG_WARN_EMPTY_BODY = YES;
				CLANG_WARN_ENUM_CONVERSION = YES;
				CLANG_WARN_INFINITE_RECURSION = YES;
				CLANG_WARN_INT_CONVERSION = YES;
				CLANG_WARN_NON_LITERAL_NULL_CONVERSION = YES;
				CLANG_WARN_OBJC_IMPLICIT_RETAIN_SELF = YES;
				CLANG_WARN_OBJC_LITERAL_CONVERSION = YES;
				CLANG_WARN_OBJC_ROOT_CLASS = YES_ERROR;
				CLANG_WARN_RANGE_LOOP_ANALYSIS = YES;
				CLANG_WARN_STRICT_PROTOTYPES = YES;
				CLANG_WARN_SUSPICIOUS_MOVE = YES;
				CLANG_WARN_UNGUARDED_AVAILABILITY = YES_AGGRESSIVE;
				CLANG_WARN_UNREACHABLE_CODE = YES;
				CLANG_WARN__DUPLICATE_METHOD_MATCH = YES;
				CODE_SIGN_IDENTITY = "iPhone Developer";
				COPY_PHASE_STRIP = NO;
				DEBUG_INFORMATION_FORMAT = dwarf;
				ENABLE_STRICT_OBJC_MSGSEND = YES;
				ENABLE_TESTABILITY = YES;
				GCC_C_LANGUAGE_STANDARD = gnu11;
				GCC_DYNAMIC_NO_PIC = NO;
				GCC_NO_COMMON_BLOCKS = YES;
				GCC_OPTIMIZATION_LEVEL = 0;
				GCC_PREPROCESSOR_DEFINITIONS = (
					"DEBUG=1",
					"$(inherited)",
				);
				GCC_WARN_64_TO_32_BIT_CONVERSION = YES;
				GCC_WARN_ABOUT_RETURN_TYPE = YES_ERROR;
				GCC_WARN_UNDECLARED_SELECTOR = YES;
				GCC_WARN_UNINITIALIZED_AUTOS = YES_AGGRESSIVE;
				GCC_WARN_UNUSED_FUNCTION = YES;
				GCC_WARN_UNUSED_VARIABLE = YES;
				IPHONEOS_DEPLOYMENT_TARGET = 11.4;
				MTL_ENABLE_DEBUG_INFO = YES;
				ONLY_ACTIVE_ARCH = YES;
				SDKROOT = iphoneos;
				SWIFT_ACTIVE_COMPILATION_CONDITIONS = DEBUG;
				SWIFT_OPTIMIZATION_LEVEL = "-Onone";
			};
			name = Debug;
		};
		20ACBDC52106EEB3002D7386 /* Release */ = {
			isa = XCBuildConfiguration;
			buildSettings = {
				ALWAYS_SEARCH_USER_PATHS = NO;
				CLANG_ANALYZER_NONNULL = YES;
				CLANG_ANALYZER_NUMBER_OBJECT_CONVERSION = YES_AGGRESSIVE;
				CLANG_CXX_LANGUAGE_STANDARD = "gnu++14";
				CLANG_CXX_LIBRARY = "libc++";
				CLANG_ENABLE_MODULES = YES;
				CLANG_ENABLE_OBJC_ARC = YES;
				CLANG_ENABLE_OBJC_WEAK = YES;
				CLANG_WARN_BLOCK_CAPTURE_AUTORELEASING = YES;
				CLANG_WARN_BOOL_CONVERSION = YES;
				CLANG_WARN_COMMA = YES;
				CLANG_WARN_CONSTANT_CONVERSION = YES;
				CLANG_WARN_DEPRECATED_OBJC_IMPLEMENTATIONS = YES;
				CLANG_WARN_DIRECT_OBJC_ISA_USAGE = YES_ERROR;
				CLANG_WARN_DOCUMENTATION_COMMENTS = YES;
				CLANG_WARN_EMPTY_BODY = YES;
				CLANG_WARN_ENUM_CONVERSION = YES;
				CLANG_WARN_INFINITE_RECURSION = YES;
				CLANG_WARN_INT_CONVERSION = YES;
				CLANG_WARN_NON_LITERAL_NULL_CONVERSION = YES;
				CLANG_WARN_OBJC_IMPLICIT_RETAIN_SELF = YES;
				CLANG_WARN_OBJC_LITERAL_CONVERSION = YES;
				CLANG_WARN_OBJC_ROOT_CLASS = YES_ERROR;
				CLANG_WARN_RANGE_LOOP_ANALYSIS = YES;
				CLANG_WARN_STRICT_PROTOTYPES = YES;
				CLANG_WARN_SUSPICIOUS_MOVE = YES;
				CLANG_WARN_UNGUARDED_AVAILABILITY = YES_AGGRESSIVE;
				CLANG_WARN_UNREACHABLE_CODE = YES;
				CLANG_WARN__DUPLICATE_METHOD_MATCH = YES;
				CODE_SIGN_IDENTITY = "iPhone Developer";
				COPY_PHASE_STRIP = NO;
				DEBUG_INFORMATION_FORMAT = "dwarf-with-dsym";
				ENABLE_NS_ASSERTIONS = NO;
				ENABLE_STRICT_OBJC_MSGSEND = YES;
				GCC_C_LANGUAGE_STANDARD = gnu11;
				GCC_NO_COMMON_BLOCKS = YES;
				GCC_WARN_64_TO_32_BIT_CONVERSION = YES;
				GCC_WARN_ABOUT_RETURN_TYPE = YES_ERROR;
				GCC_WARN_UNDECLARED_SELECTOR = YES;
				GCC_WARN_UNINITIALIZED_AUTOS = YES_AGGRESSIVE;
				GCC_WARN_UNUSED_FUNCTION = YES;
				GCC_WARN_UNUSED_VARIABLE = YES;
				IPHONEOS_DEPLOYMENT_TARGET = 11.4;
				MTL_ENABLE_DEBUG_INFO = NO;
				SDKROOT = iphoneos;
				SWIFT_COMPILATION_MODE = wholemodule;
				SWIFT_OPTIMIZATION_LEVEL = "-O";
				VALIDATE_PRODUCT = YES;
			};
			name = Release;
		};
		20ACBDC72106EEB3002D7386 /* Debug */ = {
			isa = XCBuildConfiguration;
			buildSettings = {
				ASSETCATALOG_COMPILER_APPICON_NAME = AppIcon;
				CODE_SIGN_STYLE = Automatic;
				INFOPLIST_FILE = "product-hunt/Info.plist";
				LD_RUNPATH_SEARCH_PATHS = (
					"$(inherited)",
					"@executable_path/Frameworks",
				);
				PRODUCT_BUNDLE_IDENTIFIER = "yveslym.product-hunt";
				PRODUCT_NAME = "$(TARGET_NAME)";
				SWIFT_VERSION = 4.0;
				TARGETED_DEVICE_FAMILY = "1,2";
			};
			name = Debug;
		};
		20ACBDC82106EEB3002D7386 /* Release */ = {
			isa = XCBuildConfiguration;
			buildSettings = {
				ASSETCATALOG_COMPILER_APPICON_NAME = AppIcon;
				CODE_SIGN_STYLE = Automatic;
				INFOPLIST_FILE = "product-hunt/Info.plist";
				LD_RUNPATH_SEARCH_PATHS = (
					"$(inherited)",
					"@executable_path/Frameworks",
				);
				PRODUCT_BUNDLE_IDENTIFIER = "yveslym.product-hunt";
				PRODUCT_NAME = "$(TARGET_NAME)";
				SWIFT_VERSION = 4.0;
				TARGETED_DEVICE_FAMILY = "1,2";
			};
			name = Release;
		};
/* End XCBuildConfiguration section */

/* Begin XCConfigurationList section */
		20ACBDAC2106EEB1002D7386 /* Build configuration list for PBXProject "product-hunt" */ = {
			isa = XCConfigurationList;
			buildConfigurations = (
				20ACBDC42106EEB3002D7386 /* Debug */,
				20ACBDC52106EEB3002D7386 /* Release */,
			);
			defaultConfigurationIsVisible = 0;
			defaultConfigurationName = Release;
		};
		20ACBDC62106EEB3002D7386 /* Build configuration list for PBXNativeTarget "product-hunt" */ = {
			isa = XCConfigurationList;
			buildConfigurations = (
				20ACBDC72106EEB3002D7386 /* Debug */,
				20ACBDC82106EEB3002D7386 /* Release */,
			);
			defaultConfigurationIsVisible = 0;
			defaultConfigurationName = Release;
		};
/* End XCConfigurationList section */

/* Begin XCVersionGroup section */
		20ACBDBB2106EEB2002D7386 /* product_hunt.xcdatamodeld */ = {
			isa = XCVersionGroup;
			children = (
				20ACBDBC2106EEB2002D7386 /* product_hunt.xcdatamodel */,
			);
			currentVersion = 20ACBDBC2106EEB2002D7386 /* product_hunt.xcdatamodel */;
			path = product_hunt.xcdatamodeld;
			sourceTree = "<group>";
			versionGroupType = wrapper.xcdatamodel;
		};
/* End XCVersionGroup section */
	};
	rootObject = 20ACBDA92106EEB1002D7386 /* Project object */;
}
